// !$*UTF8*$!
{
	archiveVersion = 1;
	classes = {
	};
	objectVersion = 55;
	objects = {

/* Begin PBXBuildFile section */
		08B98AC849E4D74B7209A995 /* Pods_KaKaoTalkLogin_Demo.framework in Frameworks */ = {isa = PBXBuildFile; fileRef = 1693F5E35BD72E8F291F1A91 /* Pods_KaKaoTalkLogin_Demo.framework */; };
		9978D968271530D7009DD07A /* AppDelegate.swift in Sources */ = {isa = PBXBuildFile; fileRef = 9978D967271530D7009DD07A /* AppDelegate.swift */; };
		9978D96A271530D7009DD07A /* SceneDelegate.swift in Sources */ = {isa = PBXBuildFile; fileRef = 9978D969271530D7009DD07A /* SceneDelegate.swift */; };
		9978D96C271530D7009DD07A /* ViewController.swift in Sources */ = {isa = PBXBuildFile; fileRef = 9978D96B271530D7009DD07A /* ViewController.swift */; };
		9978D96F271530D7009DD07A /* Main.storyboard in Resources */ = {isa = PBXBuildFile; fileRef = 9978D96D271530D7009DD07A /* Main.storyboard */; };
		9978D971271530D9009DD07A /* Assets.xcassets in Resources */ = {isa = PBXBuildFile; fileRef = 9978D970271530D9009DD07A /* Assets.xcassets */; };
		9978D974271530D9009DD07A /* LaunchScreen.storyboard in Resources */ = {isa = PBXBuildFile; fileRef = 9978D972271530D9009DD07A /* LaunchScreen.storyboard */; };
/* End PBXBuildFile section */

/* Begin PBXFileReference section */
		1693F5E35BD72E8F291F1A91 /* Pods_KaKaoTalkLogin_Demo.framework */ = {isa = PBXFileReference; explicitFileType = wrapper.framework; includeInIndex = 0; path = Pods_KaKaoTalkLogin_Demo.framework; sourceTree = BUILT_PRODUCTS_DIR; };
		4F1F736D29E5E200B64D4DC7 /* Pods-KaKaoTalkLogin_Demo.debug.xcconfig */ = {isa = PBXFileReference; includeInIndex = 1; lastKnownFileType = text.xcconfig; name = "Pods-KaKaoTalkLogin_Demo.debug.xcconfig"; path = "Target Support Files/Pods-KaKaoTalkLogin_Demo/Pods-KaKaoTalkLogin_Demo.debug.xcconfig"; sourceTree = "<group>"; };
		9978D964271530D7009DD07A /* KaKaoTalkLogin_Demo.app */ = {isa = PBXFileReference; explicitFileType = wrapper.application; includeInIndex = 0; path = KaKaoTalkLogin_Demo.app; sourceTree = BUILT_PRODUCTS_DIR; };
		9978D967271530D7009DD07A /* AppDelegate.swift */ = {isa = PBXFileReference; lastKnownFileType = sourcecode.swift; path = AppDelegate.swift; sourceTree = "<group>"; };
		9978D969271530D7009DD07A /* SceneDelegate.swift */ = {isa = PBXFileReference; lastKnownFileType = sourcecode.swift; path = SceneDelegate.swift; sourceTree = "<group>"; };
		9978D96B271530D7009DD07A /* ViewController.swift */ = {isa = PBXFileReference; lastKnownFileType = sourcecode.swift; path = ViewController.swift; sourceTree = "<group>"; };
		9978D96E271530D7009DD07A /* Base */ = {isa = PBXFileReference; lastKnownFileType = file.storyboard; name = Base; path = Base.lproj/Main.storyboard; sourceTree = "<group>"; };
		9978D970271530D9009DD07A /* Assets.xcassets */ = {isa = PBXFileReference; lastKnownFileType = folder.assetcatalog; path = Assets.xcassets; sourceTree = "<group>"; };
		9978D973271530D9009DD07A /* Base */ = {isa = PBXFileReference; lastKnownFileType = file.storyboard; name = Base; path = Base.lproj/LaunchScreen.storyboard; sourceTree = "<group>"; };
		9978D975271530D9009DD07A /* Info.plist */ = {isa = PBXFileReference; lastKnownFileType = text.plist.xml; path = Info.plist; sourceTree = "<group>"; };
		9978D97B27154B35009DD07A /* README.md */ = {isa = PBXFileReference; lastKnownFileType = net.daringfireball.markdown; path = README.md; sourceTree = "<group>"; };
		ADB93E2523EC11AB7ADF8C93 /* Pods-KaKaoTalkLogin_Demo.release.xcconfig */ = {isa = PBXFileReference; includeInIndex = 1; lastKnownFileType = text.xcconfig; name = "Pods-KaKaoTalkLogin_Demo.release.xcconfig"; path = "Target Support Files/Pods-KaKaoTalkLogin_Demo/Pods-KaKaoTalkLogin_Demo.release.xcconfig"; sourceTree = "<group>"; };
/* End PBXFileReference section */

/* Begin PBXFrameworksBuildPhase section */
		9978D961271530D7009DD07A /* Frameworks */ = {
			isa = PBXFrameworksBuildPhase;
			buildActionMask = 2147483647;
			files = (
				08B98AC849E4D74B7209A995 /* Pods_KaKaoTalkLogin_Demo.framework in Frameworks */,
			);
			runOnlyForDeploymentPostprocessing = 0;
		};
/* End PBXFrameworksBuildPhase section */

/* Begin PBXGroup section */
		00E21A17742CA703D8E50BE4 /* Pods */ = {
			isa = PBXGroup;
			children = (
				4F1F736D29E5E200B64D4DC7 /* Pods-KaKaoTalkLogin_Demo.debug.xcconfig */,
				ADB93E2523EC11AB7ADF8C93 /* Pods-KaKaoTalkLogin_Demo.release.xcconfig */,
			);
			path = Pods;
			sourceTree = "<group>";
		};
		3C1A1C1A5937CCE4DC660FC4 /* Frameworks */ = {
			isa = PBXGroup;
			children = (
				1693F5E35BD72E8F291F1A91 /* Pods_KaKaoTalkLogin_Demo.framework */,
			);
			name = Frameworks;
			sourceTree = "<group>";
		};
		9978D95B271530D7009DD07A = {
			isa = PBXGroup;
			children = (
				9978D966271530D7009DD07A /* KaKaoTalkLogin_Demo */,
				9978D965271530D7009DD07A /* Products */,
				00E21A17742CA703D8E50BE4 /* Pods */,
				3C1A1C1A5937CCE4DC660FC4 /* Frameworks */,
			);
			sourceTree = "<group>";
		};
		9978D965271530D7009DD07A /* Products */ = {
			isa = PBXGroup;
			children = (
				9978D964271530D7009DD07A /* KaKaoTalkLogin_Demo.app */,
			);
			name = Products;
			sourceTree = "<group>";
		};
		9978D966271530D7009DD07A /* KaKaoTalkLogin_Demo */ = {
			isa = PBXGroup;
			children = (
				9978D967271530D7009DD07A /* AppDelegate.swift */,
				9978D969271530D7009DD07A /* SceneDelegate.swift */,
				9978D96B271530D7009DD07A /* ViewController.swift */,
				9978D96D271530D7009DD07A /* Main.storyboard */,
				9978D970271530D9009DD07A /* Assets.xcassets */,
				9978D972271530D9009DD07A /* LaunchScreen.storyboard */,
				9978D975271530D9009DD07A /* Info.plist */,
				9978D97B27154B35009DD07A /* README.md */,
			);
			path = KaKaoTalkLogin_Demo;
			sourceTree = "<group>";
		};
/* End PBXGroup section */

/* Begin PBXNativeTarget section */
		9978D963271530D7009DD07A /* KaKaoTalkLogin_Demo */ = {
			isa = PBXNativeTarget;
			buildConfigurationList = 9978D978271530D9009DD07A /* Build configuration list for PBXNativeTarget "KaKaoTalkLogin_Demo" */;
			buildPhases = (
				3CAB46E9DDA3228790965084 /* [CP] Check Pods Manifest.lock */,
				9978D960271530D7009DD07A /* Sources */,
				9978D961271530D7009DD07A /* Frameworks */,
				9978D962271530D7009DD07A /* Resources */,
				CE4FB894B3BCAE87678341E5 /* [CP] Embed Pods Frameworks */,
			);
			buildRules = (
			);
			dependencies = (
			);
			name = KaKaoTalkLogin_Demo;
			productName = KaKaoTalkLogin_Demo;
			productReference = 9978D964271530D7009DD07A /* KaKaoTalkLogin_Demo.app */;
			productType = "com.apple.product-type.application";
		};
/* End PBXNativeTarget section */

/* Begin PBXProject section */
		9978D95C271530D7009DD07A /* Project object */ = {
			isa = PBXProject;
			attributes = {
				BuildIndependentTargetsInParallel = 1;
				LastSwiftUpdateCheck = 1300;
				LastUpgradeCheck = 1300;
				TargetAttributes = {
					9978D963271530D7009DD07A = {
						CreatedOnToolsVersion = 13.0;
					};
				};
			};
			buildConfigurationList = 9978D95F271530D7009DD07A /* Build configuration list for PBXProject "KaKaoTalkLogin_Demo" */;
			compatibilityVersion = "Xcode 13.0";
			developmentRegion = en;
			hasScannedForEncodings = 0;
			knownRegions = (
				en,
				Base,
			);
			mainGroup = 9978D95B271530D7009DD07A;
			productRefGroup = 9978D965271530D7009DD07A /* Products */;
			projectDirPath = "";
			projectRoot = "";
			targets = (
				9978D963271530D7009DD07A /* KaKaoTalkLogin_Demo */,
			);
		};
/* End PBXProject section */

/* Begin PBXResourcesBuildPhase section */
		9978D962271530D7009DD07A /* Resources */ = {
			isa = PBXResourcesBuildPhase;
			buildActionMask = 2147483647;
			files = (
				9978D974271530D9009DD07A /* LaunchScreen.storyboard in Resources */,
				9978D971271530D9009DD07A /* Assets.xcassets in Resources */,
				9978D96F271530D7009DD07A /* Main.storyboard in Resources */,
			);
			runOnlyForDeploymentPostprocessing = 0;
		};
/* End PBXResourcesBuildPhase section */

/* Begin PBXShellScriptBuildPhase section */
		3CAB46E9DDA3228790965084 /* [CP] Check Pods Manifest.lock */ = {
			isa = PBXShellScriptBuildPhase;
			buildActionMask = 2147483647;
			files = (
			);
			inputFileListPaths = (
			);
			inputPaths = (
				"${PODS_PODFILE_DIR_PATH}/Podfile.lock",
				"${PODS_ROOT}/Manifest.lock",
			);
			name = "[CP] Check Pods Manifest.lock";
			outputFileListPaths = (
			);
			outputPaths = (
				"$(DERIVED_FILE_DIR)/Pods-KaKaoTalkLogin_Demo-checkManifestLockResult.txt",
			);
			runOnlyForDeploymentPostprocessing = 0;
			shellPath = /bin/sh;
			shellScript = "diff \"${PODS_PODFILE_DIR_PATH}/Podfile.lock\" \"${PODS_ROOT}/Manifest.lock\" > /dev/null\nif [ $? != 0 ] ; then\n    # print error to STDERR\n    echo \"error: The sandbox is not in sync with the Podfile.lock. Run 'pod install' or update your CocoaPods installation.\" >&2\n    exit 1\nfi\n# This output is used by Xcode 'outputs' to avoid re-running this script phase.\necho \"SUCCESS\" > \"${SCRIPT_OUTPUT_FILE_0}\"\n";
			showEnvVarsInLog = 0;
		};
		CE4FB894B3BCAE87678341E5 /* [CP] Embed Pods Frameworks */ = {
			isa = PBXShellScriptBuildPhase;
			buildActionMask = 2147483647;
			files = (
			);
			inputFileListPaths = (
				"${PODS_ROOT}/Target Support Files/Pods-KaKaoTalkLogin_Demo/Pods-KaKaoTalkLogin_Demo-frameworks-${CONFIGURATION}-input-files.xcfilelist",
			);
			name = "[CP] Embed Pods Frameworks";
			outputFileListPaths = (
				"${PODS_ROOT}/Target Support Files/Pods-KaKaoTalkLogin_Demo/Pods-KaKaoTalkLogin_Demo-frameworks-${CONFIGURATION}-output-files.xcfilelist",
			);
			runOnlyForDeploymentPostprocessing = 0;
			shellPath = /bin/sh;
			shellScript = "\"${PODS_ROOT}/Target Support Files/Pods-KaKaoTalkLogin_Demo/Pods-KaKaoTalkLogin_Demo-frameworks.sh\"\n";
			showEnvVarsInLog = 0;
		};
/* End PBXShellScriptBuildPhase section */

/* Begin PBXSourcesBuildPhase section */
		9978D960271530D7009DD07A /* Sources */ = {
			isa = PBXSourcesBuildPhase;
			buildActionMask = 2147483647;
			files = (
				9978D96C271530D7009DD07A /* ViewController.swift in Sources */,
				9978D968271530D7009DD07A /* AppDelegate.swift in Sources */,
				9978D96A271530D7009DD07A /* SceneDelegate.swift in Sources */,
			);
			runOnlyForDeploymentPostprocessing = 0;
		};
/* End PBXSourcesBuildPhase section */

/* Begin PBXVariantGroup section */
		9978D96D271530D7009DD07A /* Main.storyboard */ = {
			isa = PBXVariantGroup;
			children = (
				9978D96E271530D7009DD07A /* Base */,
			);
			name = Main.storyboard;
			sourceTree = "<group>";
		};
		9978D972271530D9009DD07A /* LaunchScreen.storyboard */ = {
			isa = PBXVariantGroup;
			children = (
				9978D973271530D9009DD07A /* Base */,
			);
			name = LaunchScreen.storyboard;
			sourceTree = "<group>";
		};
/* End PBXVariantGroup section */

/* Begin XCBuildConfiguration section */
		9978D976271530D9009DD07A /* Debug */ = {
			isa = XCBuildConfiguration;
			buildSettings = {
				ALWAYS_SEARCH_USER_PATHS = NO;
				CLANG_ANALYZER_NONNULL = YES;
				CLANG_ANALYZER_NUMBER_OBJECT_CONVERSION = YES_AGGRESSIVE;
				CLANG_CXX_LANGUAGE_STANDARD = "gnu++17";
				CLANG_CXX_LIBRARY = "libc++";
				CLANG_ENABLE_MODULES = YES;
				CLANG_ENABLE_OBJC_ARC = YES;
				CLANG_ENABLE_OBJC_WEAK = YES;
				CLANG_WARN_BLOCK_CAPTURE_AUTORELEASING = YES;
				CLANG_WARN_BOOL_CONVERSION = YES;
				CLANG_WARN_COMMA = YES;
				CLANG_WARN_CONSTANT_CONVERSION = YES;
				CLANG_WARN_DEPRECATED_OBJC_IMPLEMENTATIONS = YES;
				CLANG_WARN_DIRECT_OBJC_ISA_USAGE = YES_ERROR;
				CLANG_WARN_DOCUMENTATION_COMMENTS = YES;
				CLANG_WARN_EMPTY_BODY = YES;
				CLANG_WARN_ENUM_CONVERSION = YES;
				CLANG_WARN_INFINITE_RECURSION = YES;
				CLANG_WARN_INT_CONVERSION = YES;
				CLANG_WARN_NON_LITERAL_NULL_CONVERSION = YES;
				CLANG_WARN_OBJC_IMPLICIT_RETAIN_SELF = YES;
				CLANG_WARN_OBJC_LITERAL_CONVERSION = YES;
				CLANG_WARN_OBJC_ROOT_CLASS = YES_ERROR;
				CLANG_WARN_QUOTED_INCLUDE_IN_FRAMEWORK_HEADER = YES;
				CLANG_WARN_RANGE_LOOP_ANALYSIS = YES;
				CLANG_WARN_STRICT_PROTOTYPES = YES;
				CLANG_WARN_SUSPICIOUS_MOVE = YES;
				CLANG_WARN_UNGUARDED_AVAILABILITY = YES_AGGRESSIVE;
				CLANG_WARN_UNREACHABLE_CODE = YES;
				CLANG_WARN__DUPLICATE_METHOD_MATCH = YES;
				COPY_PHASE_STRIP = NO;
				DEBUG_INFORMATION_FORMAT = dwarf;
				ENABLE_STRICT_OBJC_MSGSEND = YES;
				ENABLE_TESTABILITY = YES;
				GCC_C_LANGUAGE_STANDARD = gnu11;
				GCC_DYNAMIC_NO_PIC = NO;
				GCC_NO_COMMON_BLOCKS = YES;
				GCC_OPTIMIZATION_LEVEL = 0;
				GCC_PREPROCESSOR_DEFINITIONS = (
					"DEBUG=1",
					"$(inherited)",
				);
				GCC_WARN_64_TO_32_BIT_CONVERSION = YES;
				GCC_WARN_ABOUT_RETURN_TYPE = YES_ERROR;
				GCC_WARN_UNDECLARED_SELECTOR = YES;
				GCC_WARN_UNINITIALIZED_AUTOS = YES_AGGRESSIVE;
				GCC_WARN_UNUSED_FUNCTION = YES;
				GCC_WARN_UNUSED_VARIABLE = YES;
				IPHONEOS_DEPLOYMENT_TARGET = 15.0;
				MTL_ENABLE_DEBUG_INFO = INCLUDE_SOURCE;
				MTL_FAST_MATH = YES;
				ONLY_ACTIVE_ARCH = YES;
				SDKROOT = iphoneos;
				SWIFT_ACTIVE_COMPILATION_CONDITIONS = DEBUG;
				SWIFT_OPTIMIZATION_LEVEL = "-Onone";
			};
			name = Debug;
		};
		9978D977271530D9009DD07A /* Release */ = {
			isa = XCBuildConfiguration;
			buildSettings = {
				ALWAYS_SEARCH_USER_PATHS = NO;
				CLANG_ANALYZER_NONNULL = YES;
				CLANG_ANALYZER_NUMBER_OBJECT_CONVERSION = YES_AGGRESSIVE;
				CLANG_CXX_LANGUAGE_STANDARD = "gnu++17";
				CLANG_CXX_LIBRARY = "libc++";
				CLANG_ENABLE_MODULES = YES;
				CLANG_ENABLE_OBJC_ARC = YES;
				CLANG_ENABLE_OBJC_WEAK = YES;
				CLANG_WARN_BLOCK_CAPTURE_AUTORELEASING = YES;
				CLANG_WARN_BOOL_CONVERSION = YES;
				CLANG_WARN_COMMA = YES;
				CLANG_WARN_CONSTANT_CONVERSION = YES;
				CLANG_WARN_DEPRECATED_OBJC_IMPLEMENTATIONS = YES;
				CLANG_WARN_DIRECT_OBJC_ISA_USAGE = YES_ERROR;
				CLANG_WARN_DOCUMENTATION_COMMENTS = YES;
				CLANG_WARN_EMPTY_BODY = YES;
				CLANG_WARN_ENUM_CONVERSION = YES;
				CLANG_WARN_INFINITE_RECURSION = YES;
				CLANG_WARN_INT_CONVERSION = YES;
				CLANG_WARN_NON_LITERAL_NULL_CONVERSION = YES;
				CLANG_WARN_OBJC_IMPLICIT_RETAIN_SELF = YES;
				CLANG_WARN_OBJC_LITERAL_CONVERSION = YES;
				CLANG_WARN_OBJC_ROOT_CLASS = YES_ERROR;
				CLANG_WARN_QUOTED_INCLUDE_IN_FRAMEWORK_HEADER = YES;
				CLANG_WARN_RANGE_LOOP_ANALYSIS = YES;
				CLANG_WARN_STRICT_PROTOTYPES = YES;
				CLANG_WARN_SUSPICIOUS_MOVE = YES;
				CLANG_WARN_UNGUARDED_AVAILABILITY = YES_AGGRESSIVE;
				CLANG_WARN_UNREACHABLE_CODE = YES;
				CLANG_WARN__DUPLICATE_METHOD_MATCH = YES;
				COPY_PHASE_STRIP = NO;
				DEBUG_INFORMATION_FORMAT = "dwarf-with-dsym";
				ENABLE_NS_ASSERTIONS = NO;
				ENABLE_STRICT_OBJC_MSGSEND = YES;
				GCC_C_LANGUAGE_STANDARD = gnu11;
				GCC_NO_COMMON_BLOCKS = YES;
				GCC_WARN_64_TO_32_BIT_CONVERSION = YES;
				GCC_WARN_ABOUT_RETURN_TYPE = YES_ERROR;
				GCC_WARN_UNDECLARED_SELECTOR = YES;
				GCC_WARN_UNINITIALIZED_AUTOS = YES_AGGRESSIVE;
				GCC_WARN_UNUSED_FUNCTION = YES;
				GCC_WARN_UNUSED_VARIABLE = YES;
				IPHONEOS_DEPLOYMENT_TARGET = 15.0;
				MTL_ENABLE_DEBUG_INFO = NO;
				MTL_FAST_MATH = YES;
				SDKROOT = iphoneos;
				SWIFT_COMPILATION_MODE = wholemodule;
				SWIFT_OPTIMIZATION_LEVEL = "-O";
				VALIDATE_PRODUCT = YES;
			};
			name = Release;
		};
		9978D979271530D9009DD07A /* Debug */ = {
			isa = XCBuildConfiguration;
			baseConfigurationReference = 4F1F736D29E5E200B64D4DC7 /* Pods-KaKaoTalkLogin_Demo.debug.xcconfig */;
			buildSettings = {
				ASSETCATALOG_COMPILER_APPICON_NAME = AppIcon;
				ASSETCATALOG_COMPILER_GLOBAL_ACCENT_COLOR_NAME = AccentColor;
				CODE_SIGN_STYLE = Automatic;
				CURRENT_PROJECT_VERSION = 1;
				DEVELOPMENT_TEAM = JXFMRW69P3;
				GENERATE_INFOPLIST_FILE = YES;
				INFOPLIST_FILE = KaKaoTalkLogin_Demo/Info.plist;
				INFOPLIST_KEY_UIApplicationSupportsIndirectInputEvents = YES;
				INFOPLIST_KEY_UILaunchStoryboardName = LaunchScreen;
				INFOPLIST_KEY_UIMainStoryboardFile = Main;
				INFOPLIST_KEY_UISupportedInterfaceOrientations_iPad = "UIInterfaceOrientationPortrait UIInterfaceOrientationPortraitUpsideDown UIInterfaceOrientationLandscapeLeft UIInterfaceOrientationLandscapeRight";
				INFOPLIST_KEY_UISupportedInterfaceOrientations_iPhone = "UIInterfaceOrientationPortrait UIInterfaceOrientationLandscapeLeft UIInterfaceOrientationLandscapeRight";
				LD_RUNPATH_SEARCH_PATHS = (
					"$(inherited)",
					"@executable_path/Frameworks",
				);
				MARKETING_VERSION = 1.0;
				PRODUCT_BUNDLE_IDENTIFIER = "iOSoo.KaKaoTalkLogin-Demo";
				PRODUCT_NAME = "$(TARGET_NAME)";
				SWIFT_EMIT_LOC_STRINGS = YES;
				SWIFT_VERSION = 5.0;
				TARGETED_DEVICE_FAMILY = "1,2";
			};
			name = Debug;
		};
		9978D97A271530D9009DD07A /* Release */ = {
			isa = XCBuildConfiguration;
			baseConfigurationReference = ADB93E2523EC11AB7ADF8C93 /* Pods-KaKaoTalkLogin_Demo.release.xcconfig */;
			buildSettings = {
				ASSETCATALOG_COMPILER_APPICON_NAME = AppIcon;
				ASSETCATALOG_COMPILER_GLOBAL_ACCENT_COLOR_NAME = AccentColor;
				CODE_SIGN_STYLE = Automatic;
				CURRENT_PROJECT_VERSION = 1;
				DEVELOPMENT_TEAM = JXFMRW69P3;
				GENERATE_INFOPLIST_FILE = YES;
				INFOPLIST_FILE = KaKaoTalkLogin_Demo/Info.plist;
				INFOPLIST_KEY_UIApplicationSupportsIndirectInputEvents = YES;
				INFOPLIST_KEY_UILaunchStoryboardName = LaunchScreen;
				INFOPLIST_KEY_UIMainStoryboardFile = Main;
				INFOPLIST_KEY_UISupportedInterfaceOrientations_iPad = "UIInterfaceOrientationPortrait UIInterfaceOrientationPortraitUpsideDown UIInterfaceOrientationLandscapeLeft UIInterfaceOrientationLandscapeRight";
				INFOPLIST_KEY_UISupportedInterfaceOrientations_iPhone = "UIInterfaceOrientationPortrait UIInterfaceOrientationLandscapeLeft UIInterfaceOrientationLandscapeRight";
				LD_RUNPATH_SEARCH_PATHS = (
					"$(inherited)",
					"@executable_path/Frameworks",
				);
				MARKETING_VERSION = 1.0;
				PRODUCT_BUNDLE_IDENTIFIER = "iOSoo.KaKaoTalkLogin-Demo";
				PRODUCT_NAME = "$(TARGET_NAME)";
				SWIFT_EMIT_LOC_STRINGS = YES;
				SWIFT_VERSION = 5.0;
				TARGETED_DEVICE_FAMILY = "1,2";
			};
			name = Release;
		};
/* End XCBuildConfiguration section */

/* Begin XCConfigurationList section */
		9978D95F271530D7009DD07A /* Build configuration list for PBXProject "KaKaoTalkLogin_Demo" */ = {
			isa = XCConfigurationList;
			buildConfigurations = (
				9978D976271530D9009DD07A /* Debug */,
				9978D977271530D9009DD07A /* Release */,
			);
			defaultConfigurationIsVisible = 0;
			defaultConfigurationName = Release;
		};
		9978D978271530D9009DD07A /* Build configuration list for PBXNativeTarget "KaKaoTalkLogin_Demo" */ = {
			isa = XCConfigurationList;
			buildConfigurations = (
				9978D979271530D9009DD07A /* Debug */,
				9978D97A271530D9009DD07A /* Release */,
			);
			defaultConfigurationIsVisible = 0;
			defaultConfigurationName = Release;
		};
/* End XCConfigurationList section */
	};
	rootObject = 9978D95C271530D7009DD07A /* Project object */;
}
